
Microsoft Visual Studio Solution File, Format Version 12.00
# Visual Studio Version 16
VisualStudioVersion = 16.0.29519.87
MinimumVisualStudioVersion = 10.0.40219.1
Project("{9A19103F-16F7-4668-BE54-9A1E7A4F7556}") = "Day1", "src\Day1\Day1.csproj", "{57ABEA08-6A20-4765-A069-4ACE58E72877}"
EndProject
Project("{9A19103F-16F7-4668-BE54-9A1E7A4F7556}") = "Day2", "src\Day2\Day2.csproj", "{A6CE425E-3DA5-42E4-95F7-190A8A63BBC1}"
EndProject
Project("{9A19103F-16F7-4668-BE54-9A1E7A4F7556}") = "Day2.Tests", "src\Day2.Tests\Day2.Tests.csproj", "{3D3AC728-3458-4EE2-B0C4-11AFAEA876A3}"
EndProject
Global
	GlobalSection(SolutionConfigurationPlatforms) = preSolution
		Debug|Any CPU = Debug|Any CPU
		Release|Any CPU = Release|Any CPU
	EndGlobalSection
	GlobalSection(ProjectConfigurationPlatforms) = postSolution
		{57ABEA08-6A20-4765-A069-4ACE58E72877}.Debug|Any CPU.ActiveCfg = Debug|Any CPU
		{57ABEA08-6A20-4765-A069-4ACE58E72877}.Debug|Any CPU.Build.0 = Debug|Any CPU
		{57ABEA08-6A20-4765-A069-4ACE58E72877}.Release|Any CPU.ActiveCfg = Release|Any CPU
		{57ABEA08-6A20-4765-A069-4ACE58E72877}.Release|Any CPU.Build.0 = Release|Any CPU
		{A6CE425E-3DA5-42E4-95F7-190A8A63BBC1}.Debug|Any CPU.ActiveCfg = Debug|Any CPU
		{A6CE425E-3DA5-42E4-95F7-190A8A63BBC1}.Debug|Any CPU.Build.0 = Debug|Any CPU
		{A6CE425E-3DA5-42E4-95F7-190A8A63BBC1}.Release|Any CPU.ActiveCfg = Release|Any CPU
		{A6CE425E-3DA5-42E4-95F7-190A8A63BBC1}.Release|Any CPU.Build.0 = Release|Any CPU
		{3D3AC728-3458-4EE2-B0C4-11AFAEA876A3}.Debug|Any CPU.ActiveCfg = Debug|Any CPU
		{3D3AC728-3458-4EE2-B0C4-11AFAEA876A3}.Debug|Any CPU.Build.0 = Debug|Any CPU
		{3D3AC728-3458-4EE2-B0C4-11AFAEA876A3}.Release|Any CPU.ActiveCfg = Release|Any CPU
		{3D3AC728-3458-4EE2-B0C4-11AFAEA876A3}.Release|Any CPU.Build.0 = Release|Any CPU
	EndGlobalSection
	GlobalSection(SolutionProperties) = preSolution
		HideSolutionNode = FALSE
	EndGlobalSection
	GlobalSection(ExtensibilityGlobals) = postSolution
		SolutionGuid = {84CFF766-83E3-49AA-95A7-BEE0E72CFC86}
	EndGlobalSection
EndGlobal
